
Microsoft Visual Studio Solution File, Format Version 12.00
# Visual Studio Version 17
VisualStudioVersion = 17.9.34902.65
MinimumVisualStudioVersion = 10.0.40219.1
Project("{8BC9CEB8-8B4A-11D0-8D11-00A0C91BC942}") = "Codeup_C2", "Codeup_C2\Codeup_C2.vcxproj", "{9C24CE26-A17E-4A58-89E7-E3E0DFE50D5E}"
EndProject
Global
	GlobalSection(SolutionConfigurationPlatforms) = preSolution
		Debug|x64 = Debug|x64
		Debug|x86 = Debug|x86
		Release|x64 = Release|x64
		Release|x86 = Release|x86
	EndGlobalSection
	GlobalSection(ProjectConfigurationPlatforms) = postSolution
		{9C24CE26-A17E-4A58-89E7-E3E0DFE50D5E}.Debug|x64.ActiveCfg = Debug|x64
		{9C24CE26-A17E-4A58-89E7-E3E0DFE50D5E}.Debug|x64.Build.0 = Debug|x64
		{9C24CE26-A17E-4A58-89E7-E3E0DFE50D5E}.Debug|x86.ActiveCfg = Debug|Win32
		{9C24CE26-A17E-4A58-89E7-E3E0DFE50D5E}.Debug|x86.Build.0 = Debug|Win32
		{9C24CE26-A17E-4A58-89E7-E3E0DFE50D5E}.Release|x64.ActiveCfg = Release|x64
		{9C24CE26-A17E-4A58-89E7-E3E0DFE50D5E}.Release|x64.Build.0 = Release|x64
		{9C24CE26-A17E-4A58-89E7-E3E0DFE50D5E}.Release|x86.ActiveCfg = Release|Win32
		{9C24CE26-A17E-4A58-89E7-E3E0DFE50D5E}.Release|x86.Build.0 = Release|Win32
	EndGlobalSection
	GlobalSection(SolutionProperties) = preSolution
		HideSolutionNode = FALSE
	EndGlobalSection
	GlobalSection(ExtensibilityGlobals) = postSolution
		SolutionGuid = {BE352661-AE1E-4AD3-B5E0-67952CDB979D}
	EndGlobalSection
EndGlobal
